
Microsoft Visual Studio Solution File, Format Version 12.00
# Visual Studio 2012
Project("{FAE04EC0-301F-11D3-BF4B-00C04F79EFBC}") = "gopherd", "gopherd\gopherd.csproj", "{6A70367A-1F88-4E2B-82A2-1318330AD111}"
EndProject
Global
	GlobalSection(SolutionConfigurationPlatforms) = preSolution
		Debug|Any CPU = Debug|Any CPU
		Release|Any CPU = Release|Any CPU
	EndGlobalSection
	GlobalSection(ProjectConfigurationPlatforms) = postSolution
		{6A70367A-1F88-4E2B-82A2-1318330AD111}.Debug|Any CPU.ActiveCfg = Debug|Any CPU
		{6A70367A-1F88-4E2B-82A2-1318330AD111}.Debug|Any CPU.Build.0 = Debug|Any CPU
		{6A70367A-1F88-4E2B-82A2-1318330AD111}.Release|Any CPU.ActiveCfg = Release|Any CPU
		{6A70367A-1F88-4E2B-82A2-1318330AD111}.Release|Any CPU.Build.0 = Release|Any CPU
	EndGlobalSection
	GlobalSection(SolutionProperties) = preSolution
		HideSolutionNode = FALSE
	EndGlobalSection
EndGlobal
